
Microsoft Visual Studio Solution File, Format Version 12.00
# Visual Studio Version 16
VisualStudioVersion = 16.0.30406.217
MinimumVisualStudioVersion = 10.0.40219.1
Project("{9A19103F-16F7-4668-BE54-9A1E7A4F7556}") = "SfmlUI", "SfmlUI\SfmlUI.csproj", "{FDC447B2-F0B6-472F-A749-3A007628CFE2}"
EndProject
Project("{9A19103F-16F7-4668-BE54-9A1E7A4F7556}") = "Button", "Button\Button.csproj", "{B605CF65-AFB9-4820-954E-7CC9A5756A51}"
EndProject
Project("{2150E333-8FDC-42A3-9474-1A3956D46DE8}") = "Sandboxes", "Sandboxes", "{62FABEC5-A7E6-4914-AAAB-2CA2359E7B08}"
EndProject
Project("{9A19103F-16F7-4668-BE54-9A1E7A4F7556}") = "TextOutput", "TextOutput\TextOutput.csproj", "{53FD8213-FAA8-4480-A845-281288FF32BA}"
EndProject
Project("{9A19103F-16F7-4668-BE54-9A1E7A4F7556}") = "TextInput", "TextInput\TextInput.csproj", "{DFCE72DA-1C74-4ACD-BF8B-7B3428FDB978}"
EndProject
Project("{9A19103F-16F7-4668-BE54-9A1E7A4F7556}") = "Checkbox", "Checkbox\Checkbox.csproj", "{4A6970EB-E0F1-4D81-AC01-7E9EB9119185}"
EndProject
Project("{9A19103F-16F7-4668-BE54-9A1E7A4F7556}") = "RadioButton", "RadioButton\RadioButton.csproj", "{0D4FCEF1-7AB0-4F9F-8F45-FF37A4960410}"
EndProject
Project("{9A19103F-16F7-4668-BE54-9A1E7A4F7556}") = "Slider", "Slider\Slider.csproj", "{C1DCA841-1AD3-4686-B89D-FAC86C28270D}"
EndProject
Project("{9A19103F-16F7-4668-BE54-9A1E7A4F7556}") = "Dropdown", "Dropdown\Dropdown.csproj", "{F8C23BFB-08FD-4EB1-9493-52728A8E2CD3}"
EndProject
Project("{FAE04EC0-301F-11D3-BF4B-00C04F79EFBC}") = "Graphic", "Graphic\Graphic.csproj", "{AADD76F3-D19B-426B-AD53-8C84E4E4F078}"
EndProject
Global
	GlobalSection(SolutionConfigurationPlatforms) = preSolution
		Debug|Any CPU = Debug|Any CPU
		Release|Any CPU = Release|Any CPU
	EndGlobalSection
	GlobalSection(ProjectConfigurationPlatforms) = postSolution
		{FDC447B2-F0B6-472F-A749-3A007628CFE2}.Debug|Any CPU.ActiveCfg = Debug|Any CPU
		{FDC447B2-F0B6-472F-A749-3A007628CFE2}.Debug|Any CPU.Build.0 = Debug|Any CPU
		{FDC447B2-F0B6-472F-A749-3A007628CFE2}.Release|Any CPU.ActiveCfg = Release|Any CPU
		{FDC447B2-F0B6-472F-A749-3A007628CFE2}.Release|Any CPU.Build.0 = Release|Any CPU
		{B605CF65-AFB9-4820-954E-7CC9A5756A51}.Debug|Any CPU.ActiveCfg = Debug|Any CPU
		{B605CF65-AFB9-4820-954E-7CC9A5756A51}.Debug|Any CPU.Build.0 = Debug|Any CPU
		{B605CF65-AFB9-4820-954E-7CC9A5756A51}.Release|Any CPU.ActiveCfg = Release|Any CPU
		{B605CF65-AFB9-4820-954E-7CC9A5756A51}.Release|Any CPU.Build.0 = Release|Any CPU
		{53FD8213-FAA8-4480-A845-281288FF32BA}.Debug|Any CPU.ActiveCfg = Debug|Any CPU
		{53FD8213-FAA8-4480-A845-281288FF32BA}.Debug|Any CPU.Build.0 = Debug|Any CPU
		{53FD8213-FAA8-4480-A845-281288FF32BA}.Release|Any CPU.ActiveCfg = Release|Any CPU
		{53FD8213-FAA8-4480-A845-281288FF32BA}.Release|Any CPU.Build.0 = Release|Any CPU
		{DFCE72DA-1C74-4ACD-BF8B-7B3428FDB978}.Debug|Any CPU.ActiveCfg = Debug|Any CPU
		{DFCE72DA-1C74-4ACD-BF8B-7B3428FDB978}.Debug|Any CPU.Build.0 = Debug|Any CPU
		{DFCE72DA-1C74-4ACD-BF8B-7B3428FDB978}.Release|Any CPU.ActiveCfg = Release|Any CPU
		{DFCE72DA-1C74-4ACD-BF8B-7B3428FDB978}.Release|Any CPU.Build.0 = Release|Any CPU
		{4A6970EB-E0F1-4D81-AC01-7E9EB9119185}.Debug|Any CPU.ActiveCfg = Debug|Any CPU
		{4A6970EB-E0F1-4D81-AC01-7E9EB9119185}.Debug|Any CPU.Build.0 = Debug|Any CPU
		{4A6970EB-E0F1-4D81-AC01-7E9EB9119185}.Release|Any CPU.ActiveCfg = Release|Any CPU
		{4A6970EB-E0F1-4D81-AC01-7E9EB9119185}.Release|Any CPU.Build.0 = Release|Any CPU
		{0D4FCEF1-7AB0-4F9F-8F45-FF37A4960410}.Debug|Any CPU.ActiveCfg = Debug|Any CPU
		{0D4FCEF1-7AB0-4F9F-8F45-FF37A4960410}.Debug|Any CPU.Build.0 = Debug|Any CPU
		{0D4FCEF1-7AB0-4F9F-8F45-FF37A4960410}.Release|Any CPU.ActiveCfg = Release|Any CPU
		{0D4FCEF1-7AB0-4F9F-8F45-FF37A4960410}.Release|Any CPU.Build.0 = Release|Any CPU
		{C1DCA841-1AD3-4686-B89D-FAC86C28270D}.Debug|Any CPU.ActiveCfg = Debug|Any CPU
		{C1DCA841-1AD3-4686-B89D-FAC86C28270D}.Debug|Any CPU.Build.0 = Debug|Any CPU
		{C1DCA841-1AD3-4686-B89D-FAC86C28270D}.Release|Any CPU.ActiveCfg = Release|Any CPU
		{C1DCA841-1AD3-4686-B89D-FAC86C28270D}.Release|Any CPU.Build.0 = Release|Any CPU
		{F8C23BFB-08FD-4EB1-9493-52728A8E2CD3}.Debug|Any CPU.ActiveCfg = Debug|Any CPU
		{F8C23BFB-08FD-4EB1-9493-52728A8E2CD3}.Debug|Any CPU.Build.0 = Debug|Any CPU
		{F8C23BFB-08FD-4EB1-9493-52728A8E2CD3}.Release|Any CPU.ActiveCfg = Release|Any CPU
		{F8C23BFB-08FD-4EB1-9493-52728A8E2CD3}.Release|Any CPU.Build.0 = Release|Any CPU
		{AADD76F3-D19B-426B-AD53-8C84E4E4F078}.Debug|Any CPU.ActiveCfg = Debug|Any CPU
		{AADD76F3-D19B-426B-AD53-8C84E4E4F078}.Debug|Any CPU.Build.0 = Debug|Any CPU
		{AADD76F3-D19B-426B-AD53-8C84E4E4F078}.Release|Any CPU.ActiveCfg = Release|Any CPU
		{AADD76F3-D19B-426B-AD53-8C84E4E4F078}.Release|Any CPU.Build.0 = Release|Any CPU
	EndGlobalSection
	GlobalSection(SolutionProperties) = preSolution
		HideSolutionNode = FALSE
	EndGlobalSection
	GlobalSection(NestedProjects) = preSolution
		{B605CF65-AFB9-4820-954E-7CC9A5756A51} = {62FABEC5-A7E6-4914-AAAB-2CA2359E7B08}
		{53FD8213-FAA8-4480-A845-281288FF32BA} = {62FABEC5-A7E6-4914-AAAB-2CA2359E7B08}
		{DFCE72DA-1C74-4ACD-BF8B-7B3428FDB978} = {62FABEC5-A7E6-4914-AAAB-2CA2359E7B08}
		{4A6970EB-E0F1-4D81-AC01-7E9EB9119185} = {62FABEC5-A7E6-4914-AAAB-2CA2359E7B08}
		{0D4FCEF1-7AB0-4F9F-8F45-FF37A4960410} = {62FABEC5-A7E6-4914-AAAB-2CA2359E7B08}
		{C1DCA841-1AD3-4686-B89D-FAC86C28270D} = {62FABEC5-A7E6-4914-AAAB-2CA2359E7B08}
		{F8C23BFB-08FD-4EB1-9493-52728A8E2CD3} = {62FABEC5-A7E6-4914-AAAB-2CA2359E7B08}
		{AADD76F3-D19B-426B-AD53-8C84E4E4F078} = {62FABEC5-A7E6-4914-AAAB-2CA2359E7B08}
	EndGlobalSection
	GlobalSection(ExtensibilityGlobals) = postSolution
		SolutionGuid = {B0E8BCB1-6281-49D0-B804-AA9214F93894}
	EndGlobalSection
EndGlobal
